
Microsoft Visual Studio Solution File, Format Version 12.00
# Visual Studio Version 16
VisualStudioVersion = 16.0.31729.503
MinimumVisualStudioVersion = 10.0.40219.1
Project("{2150E333-8FDC-42A3-9474-1A3956D46DE8}") = "src", "src", "{6AAA3DFD-C416-4B85-94D5-019B520C8839}"
EndProject
Project("{2150E333-8FDC-42A3-9474-1A3956D46DE8}") = "tests", "tests", "{91F3BF5C-30DA-4083-8ED1-D1801E99CF74}"
EndProject
Project("{9A19103F-16F7-4668-BE54-9A1E7A4F7556}") = "BackendChallenge.PasswordValidator.Api", "src\BackendChallenge.PasswordValidator.Api\BackendChallenge.PasswordValidator.Api.csproj", "{E664D284-7373-4BE5-8236-4DDA839029E9}"
EndProject
Project("{9A19103F-16F7-4668-BE54-9A1E7A4F7556}") = "BackendChallenge.PasswordValidator.Core", "src\BackendChallenge.PasswordValidator.Core\BackendChallenge.PasswordValidator.Core.csproj", "{0CB89320-CEE6-44C2-89CC-5087CA6CA0BD}"
EndProject
Project("{9A19103F-16F7-4668-BE54-9A1E7A4F7556}") = "BackendChallenge.PasswordValidator.Infra", "src\BackendChallenge.PasswordValidator.Infra\BackendChallenge.PasswordValidator.Infra.csproj", "{27FD20EF-9139-45EE-AEEC-9D8AA433CBF6}"
EndProject
Project("{FAE04EC0-301F-11D3-BF4B-00C04F79EFBC}") = "BackendChallenge.PasswordValidator.UnitTests", "tests\BackendChallenge.PasswordValidator.UnitTests\BackendChallenge.PasswordValidator.UnitTests.csproj", "{3AEC2A8F-8867-400C-BC41-FA572C6DC76B}"
EndProject
Project("{2150E333-8FDC-42A3-9474-1A3956D46DE8}") = "Solution Items", "Solution Items", "{B578F059-1BA1-42D5-A648-A27F00176843}"
	ProjectSection(SolutionItems) = preProject
		README.md = README.md
	EndProjectSection
EndProject
Global
	GlobalSection(SolutionConfigurationPlatforms) = preSolution
		Debug|Any CPU = Debug|Any CPU
		Release|Any CPU = Release|Any CPU
	EndGlobalSection
	GlobalSection(ProjectConfigurationPlatforms) = postSolution
		{E664D284-7373-4BE5-8236-4DDA839029E9}.Debug|Any CPU.ActiveCfg = Debug|Any CPU
		{E664D284-7373-4BE5-8236-4DDA839029E9}.Debug|Any CPU.Build.0 = Debug|Any CPU
		{E664D284-7373-4BE5-8236-4DDA839029E9}.Release|Any CPU.ActiveCfg = Release|Any CPU
		{E664D284-7373-4BE5-8236-4DDA839029E9}.Release|Any CPU.Build.0 = Release|Any CPU
		{0CB89320-CEE6-44C2-89CC-5087CA6CA0BD}.Debug|Any CPU.ActiveCfg = Debug|Any CPU
		{0CB89320-CEE6-44C2-89CC-5087CA6CA0BD}.Debug|Any CPU.Build.0 = Debug|Any CPU
		{0CB89320-CEE6-44C2-89CC-5087CA6CA0BD}.Release|Any CPU.ActiveCfg = Release|Any CPU
		{0CB89320-CEE6-44C2-89CC-5087CA6CA0BD}.Release|Any CPU.Build.0 = Release|Any CPU
		{27FD20EF-9139-45EE-AEEC-9D8AA433CBF6}.Debug|Any CPU.ActiveCfg = Debug|Any CPU
		{27FD20EF-9139-45EE-AEEC-9D8AA433CBF6}.Debug|Any CPU.Build.0 = Debug|Any CPU
		{27FD20EF-9139-45EE-AEEC-9D8AA433CBF6}.Release|Any CPU.ActiveCfg = Release|Any CPU
		{27FD20EF-9139-45EE-AEEC-9D8AA433CBF6}.Release|Any CPU.Build.0 = Release|Any CPU
		{3AEC2A8F-8867-400C-BC41-FA572C6DC76B}.Debug|Any CPU.ActiveCfg = Debug|Any CPU
		{3AEC2A8F-8867-400C-BC41-FA572C6DC76B}.Debug|Any CPU.Build.0 = Debug|Any CPU
		{3AEC2A8F-8867-400C-BC41-FA572C6DC76B}.Release|Any CPU.ActiveCfg = Release|Any CPU
		{3AEC2A8F-8867-400C-BC41-FA572C6DC76B}.Release|Any CPU.Build.0 = Release|Any CPU
	EndGlobalSection
	GlobalSection(SolutionProperties) = preSolution
		HideSolutionNode = FALSE
	EndGlobalSection
	GlobalSection(NestedProjects) = preSolution
		{E664D284-7373-4BE5-8236-4DDA839029E9} = {6AAA3DFD-C416-4B85-94D5-019B520C8839}
		{0CB89320-CEE6-44C2-89CC-5087CA6CA0BD} = {6AAA3DFD-C416-4B85-94D5-019B520C8839}
		{27FD20EF-9139-45EE-AEEC-9D8AA433CBF6} = {6AAA3DFD-C416-4B85-94D5-019B520C8839}
		{3AEC2A8F-8867-400C-BC41-FA572C6DC76B} = {91F3BF5C-30DA-4083-8ED1-D1801E99CF74}
	EndGlobalSection
	GlobalSection(ExtensibilityGlobals) = postSolution
		SolutionGuid = {85AA048D-E494-452E-A813-EECCE34A1753}
	EndGlobalSection
EndGlobal
